
Microsoft Visual Studio Solution File, Format Version 12.00
# Visual Studio Version 17
VisualStudioVersion = 17.5.002.0
MinimumVisualStudioVersion = 10.0.40219.1
Project("{2150E333-8FDC-42A3-9474-1A3956D46DE8}") = "csharp-prep", "csharp-prep", "{7A885777-1FEC-4D2C-8090-35B9F9FA1CFB}"
EndProject
Project("{9A19103F-16F7-4668-BE54-9A1E7A4F7556}") = "Prep1", "csharp-prep\Prep1\Prep1.csproj", "{403BE69B-21D3-4F62-951D-D733D6CF6CA5}"
EndProject
Project("{9A19103F-16F7-4668-BE54-9A1E7A4F7556}") = "Prep2", "csharp-prep\Prep2\Prep2.csproj", "{9670BABE-6783-42FB-AC6D-E3D414D07AA8}"
EndProject
Project("{9A19103F-16F7-4668-BE54-9A1E7A4F7556}") = "Prep3", "csharp-prep\Prep3\Prep3.csproj", "{D1CBE886-EFA2-4B5B-9951-5F9B4907AD61}"
EndProject
Project("{9A19103F-16F7-4668-BE54-9A1E7A4F7556}") = "Prep4", "csharp-prep\Prep4\Prep4.csproj", "{58CD0300-238F-432D-8649-2B92A164EB59}"
EndProject
Project("{9A19103F-16F7-4668-BE54-9A1E7A4F7556}") = "Prep5", "csharp-prep\Prep5\Prep5.csproj", "{11EBF87E-B85D-4978-888B-8DB4BBD70B05}"
EndProject
Project("{2150E333-8FDC-42A3-9474-1A3956D46DE8}") = "final", "final", "{3AF5969B-9FAE-4B10-B50D-64BBA69C8319}"
EndProject
Project("{9A19103F-16F7-4668-BE54-9A1E7A4F7556}") = "FinalProject", "final\FinalProject\FinalProject.csproj", "{39779F0C-3B9C-4DF7-A956-A33959C9E13A}"
EndProject
Project("{9A19103F-16F7-4668-BE54-9A1E7A4F7556}") = "Foundation1", "final\Foundation1\Foundation1.csproj", "{46358351-4B10-4DAC-A765-F9CA9517A88E}"
EndProject
Project("{9A19103F-16F7-4668-BE54-9A1E7A4F7556}") = "Foundation2", "final\Foundation2\Foundation2.csproj", "{AC7FD624-1434-446F-A5A9-07609B5BDAAD}"
EndProject
Project("{9A19103F-16F7-4668-BE54-9A1E7A4F7556}") = "Foundation3", "final\Foundation3\Foundation3.csproj", "{13E55074-069A-40D4-953E-25923CEA67E6}"
EndProject
Project("{9A19103F-16F7-4668-BE54-9A1E7A4F7556}") = "Foundation4", "final\Foundation4\Foundation4.csproj", "{F42070AC-A31F-4BD6-BA83-EFF391084E0B}"
EndProject
Project("{2150E333-8FDC-42A3-9474-1A3956D46DE8}") = "prepare", "prepare", "{12E2FC58-3729-4C50-9D9B-75A4A590DA34}"
EndProject
Project("{9A19103F-16F7-4668-BE54-9A1E7A4F7556}") = "Learning02", "prepare\Learning02\Learning02.csproj", "{3BADD845-0F98-453C-BB3E-AE5AFCAF3163}"
EndProject
Project("{9A19103F-16F7-4668-BE54-9A1E7A4F7556}") = "Learning03", "prepare\Learning03\Learning03.csproj", "{C9BA2E29-A556-4554-89A1-BA86E83CD6A0}"
EndProject
Project("{9A19103F-16F7-4668-BE54-9A1E7A4F7556}") = "Learning04", "prepare\Learning04\Learning04.csproj", "{B7633102-0B26-41FC-962F-D0B2239A921B}"
EndProject
Project("{9A19103F-16F7-4668-BE54-9A1E7A4F7556}") = "Learning05", "prepare\Learning05\Learning05.csproj", "{D6F2EF3A-C76E-4EAC-931B-0BA9D17D538B}"
EndProject
Project("{2150E333-8FDC-42A3-9474-1A3956D46DE8}") = "prove", "prove", "{DC75B9CE-7388-4559-8BCE-B58BF72E7710}"
EndProject
Project("{9A19103F-16F7-4668-BE54-9A1E7A4F7556}") = "Develop02", "prove\Develop02\Develop02.csproj", "{42D2518C-7266-40D0-B3D8-06CE7F259BBE}"
EndProject
Project("{9A19103F-16F7-4668-BE54-9A1E7A4F7556}") = "Develop03", "prove\Develop03\Develop03.csproj", "{8343A958-CF63-415C-9D76-7F4F062F558A}"
EndProject
Project("{9A19103F-16F7-4668-BE54-9A1E7A4F7556}") = "Develop04", "prove\Develop04\Develop04.csproj", "{ABBE1C94-C618-4AFE-9561-E4E9436A0EE5}"
EndProject
Project("{9A19103F-16F7-4668-BE54-9A1E7A4F7556}") = "Develop05", "prove\Develop05\Develop05.csproj", "{74A5A7BB-850D-4DF7-ADF6-CE10CB79CBAA}"
EndProject
Project("{2150E333-8FDC-42A3-9474-1A3956D46DE8}") = "sandbox", "sandbox", "{820C7354-4397-4894-8EF4-1551138E4F27}"
EndProject
Project("{9A19103F-16F7-4668-BE54-9A1E7A4F7556}") = "Sandbox", "sandbox\Sandbox\Sandbox.csproj", "{5434888B-37A5-4E69-A48F-CFA728B34B1E}"
EndProject
Global
	GlobalSection(SolutionConfigurationPlatforms) = preSolution
		Debug|Any CPU = Debug|Any CPU
		Release|Any CPU = Release|Any CPU
	EndGlobalSection
	GlobalSection(ProjectConfigurationPlatforms) = postSolution
		{403BE69B-21D3-4F62-951D-D733D6CF6CA5}.Debug|Any CPU.ActiveCfg = Debug|Any CPU
		{403BE69B-21D3-4F62-951D-D733D6CF6CA5}.Debug|Any CPU.Build.0 = Debug|Any CPU
		{403BE69B-21D3-4F62-951D-D733D6CF6CA5}.Release|Any CPU.ActiveCfg = Release|Any CPU
		{403BE69B-21D3-4F62-951D-D733D6CF6CA5}.Release|Any CPU.Build.0 = Release|Any CPU
		{9670BABE-6783-42FB-AC6D-E3D414D07AA8}.Debug|Any CPU.ActiveCfg = Debug|Any CPU
		{9670BABE-6783-42FB-AC6D-E3D414D07AA8}.Debug|Any CPU.Build.0 = Debug|Any CPU
		{9670BABE-6783-42FB-AC6D-E3D414D07AA8}.Release|Any CPU.ActiveCfg = Release|Any CPU
		{9670BABE-6783-42FB-AC6D-E3D414D07AA8}.Release|Any CPU.Build.0 = Release|Any CPU
		{D1CBE886-EFA2-4B5B-9951-5F9B4907AD61}.Debug|Any CPU.ActiveCfg = Debug|Any CPU
		{D1CBE886-EFA2-4B5B-9951-5F9B4907AD61}.Debug|Any CPU.Build.0 = Debug|Any CPU
		{D1CBE886-EFA2-4B5B-9951-5F9B4907AD61}.Release|Any CPU.ActiveCfg = Release|Any CPU
		{D1CBE886-EFA2-4B5B-9951-5F9B4907AD61}.Release|Any CPU.Build.0 = Release|Any CPU
		{58CD0300-238F-432D-8649-2B92A164EB59}.Debug|Any CPU.ActiveCfg = Debug|Any CPU
		{58CD0300-238F-432D-8649-2B92A164EB59}.Debug|Any CPU.Build.0 = Debug|Any CPU
		{58CD0300-238F-432D-8649-2B92A164EB59}.Release|Any CPU.ActiveCfg = Release|Any CPU
		{58CD0300-238F-432D-8649-2B92A164EB59}.Release|Any CPU.Build.0 = Release|Any CPU
		{11EBF87E-B85D-4978-888B-8DB4BBD70B05}.Debug|Any CPU.ActiveCfg = Debug|Any CPU
		{11EBF87E-B85D-4978-888B-8DB4BBD70B05}.Debug|Any CPU.Build.0 = Debug|Any CPU
		{11EBF87E-B85D-4978-888B-8DB4BBD70B05}.Release|Any CPU.ActiveCfg = Release|Any CPU
		{11EBF87E-B85D-4978-888B-8DB4BBD70B05}.Release|Any CPU.Build.0 = Release|Any CPU
		{39779F0C-3B9C-4DF7-A956-A33959C9E13A}.Debug|Any CPU.ActiveCfg = Debug|Any CPU
		{39779F0C-3B9C-4DF7-A956-A33959C9E13A}.Debug|Any CPU.Build.0 = Debug|Any CPU
		{39779F0C-3B9C-4DF7-A956-A33959C9E13A}.Release|Any CPU.ActiveCfg = Release|Any CPU
		{39779F0C-3B9C-4DF7-A956-A33959C9E13A}.Release|Any CPU.Build.0 = Release|Any CPU
		{46358351-4B10-4DAC-A765-F9CA9517A88E}.Debug|Any CPU.ActiveCfg = Debug|Any CPU
		{46358351-4B10-4DAC-A765-F9CA9517A88E}.Debug|Any CPU.Build.0 = Debug|Any CPU
		{46358351-4B10-4DAC-A765-F9CA9517A88E}.Release|Any CPU.ActiveCfg = Release|Any CPU
		{46358351-4B10-4DAC-A765-F9CA9517A88E}.Release|Any CPU.Build.0 = Release|Any CPU
		{AC7FD624-1434-446F-A5A9-07609B5BDAAD}.Debug|Any CPU.ActiveCfg = Debug|Any CPU
		{AC7FD624-1434-446F-A5A9-07609B5BDAAD}.Debug|Any CPU.Build.0 = Debug|Any CPU
		{AC7FD624-1434-446F-A5A9-07609B5BDAAD}.Release|Any CPU.ActiveCfg = Release|Any CPU
		{AC7FD624-1434-446F-A5A9-07609B5BDAAD}.Release|Any CPU.Build.0 = Release|Any CPU
		{13E55074-069A-40D4-953E-25923CEA67E6}.Debug|Any CPU.ActiveCfg = Debug|Any CPU
		{13E55074-069A-40D4-953E-25923CEA67E6}.Debug|Any CPU.Build.0 = Debug|Any CPU
		{13E55074-069A-40D4-953E-25923CEA67E6}.Release|Any CPU.ActiveCfg = Release|Any CPU
		{13E55074-069A-40D4-953E-25923CEA67E6}.Release|Any CPU.Build.0 = Release|Any CPU
		{F42070AC-A31F-4BD6-BA83-EFF391084E0B}.Debug|Any CPU.ActiveCfg = Debug|Any CPU
		{F42070AC-A31F-4BD6-BA83-EFF391084E0B}.Debug|Any CPU.Build.0 = Debug|Any CPU
		{F42070AC-A31F-4BD6-BA83-EFF391084E0B}.Release|Any CPU.ActiveCfg = Release|Any CPU
		{F42070AC-A31F-4BD6-BA83-EFF391084E0B}.Release|Any CPU.Build.0 = Release|Any CPU
		{3BADD845-0F98-453C-BB3E-AE5AFCAF3163}.Debug|Any CPU.ActiveCfg = Debug|Any CPU
		{3BADD845-0F98-453C-BB3E-AE5AFCAF3163}.Debug|Any CPU.Build.0 = Debug|Any CPU
		{3BADD845-0F98-453C-BB3E-AE5AFCAF3163}.Release|Any CPU.ActiveCfg = Release|Any CPU
		{3BADD845-0F98-453C-BB3E-AE5AFCAF3163}.Release|Any CPU.Build.0 = Release|Any CPU
		{C9BA2E29-A556-4554-89A1-BA86E83CD6A0}.Debug|Any CPU.ActiveCfg = Debug|Any CPU
		{C9BA2E29-A556-4554-89A1-BA86E83CD6A0}.Debug|Any CPU.Build.0 = Debug|Any CPU
		{C9BA2E29-A556-4554-89A1-BA86E83CD6A0}.Release|Any CPU.ActiveCfg = Release|Any CPU
		{C9BA2E29-A556-4554-89A1-BA86E83CD6A0}.Release|Any CPU.Build.0 = Release|Any CPU
		{B7633102-0B26-41FC-962F-D0B2239A921B}.Debug|Any CPU.ActiveCfg = Debug|Any CPU
		{B7633102-0B26-41FC-962F-D0B2239A921B}.Debug|Any CPU.Build.0 = Debug|Any CPU
		{B7633102-0B26-41FC-962F-D0B2239A921B}.Release|Any CPU.ActiveCfg = Release|Any CPU
		{B7633102-0B26-41FC-962F-D0B2239A921B}.Release|Any CPU.Build.0 = Release|Any CPU
		{D6F2EF3A-C76E-4EAC-931B-0BA9D17D538B}.Debug|Any CPU.ActiveCfg = Debug|Any CPU
		{D6F2EF3A-C76E-4EAC-931B-0BA9D17D538B}.Debug|Any CPU.Build.0 = Debug|Any CPU
		{D6F2EF3A-C76E-4EAC-931B-0BA9D17D538B}.Release|Any CPU.ActiveCfg = Release|Any CPU
		{D6F2EF3A-C76E-4EAC-931B-0BA9D17D538B}.Release|Any CPU.Build.0 = Release|Any CPU
		{42D2518C-7266-40D0-B3D8-06CE7F259BBE}.Debug|Any CPU.ActiveCfg = Debug|Any CPU
		{42D2518C-7266-40D0-B3D8-06CE7F259BBE}.Debug|Any CPU.Build.0 = Debug|Any CPU
		{42D2518C-7266-40D0-B3D8-06CE7F259BBE}.Release|Any CPU.ActiveCfg = Release|Any CPU
		{42D2518C-7266-40D0-B3D8-06CE7F259BBE}.Release|Any CPU.Build.0 = Release|Any CPU
		{8343A958-CF63-415C-9D76-7F4F062F558A}.Debug|Any CPU.ActiveCfg = Debug|Any CPU
		{8343A958-CF63-415C-9D76-7F4F062F558A}.Debug|Any CPU.Build.0 = Debug|Any CPU
		{8343A958-CF63-415C-9D76-7F4F062F558A}.Release|Any CPU.ActiveCfg = Release|Any CPU
		{8343A958-CF63-415C-9D76-7F4F062F558A}.Release|Any CPU.Build.0 = Release|Any CPU
		{ABBE1C94-C618-4AFE-9561-E4E9436A0EE5}.Debug|Any CPU.ActiveCfg = Debug|Any CPU
		{ABBE1C94-C618-4AFE-9561-E4E9436A0EE5}.Debug|Any CPU.Build.0 = Debug|Any CPU
		{ABBE1C94-C618-4AFE-9561-E4E9436A0EE5}.Release|Any CPU.ActiveCfg = Release|Any CPU
		{ABBE1C94-C618-4AFE-9561-E4E9436A0EE5}.Release|Any CPU.Build.0 = Release|Any CPU
		{74A5A7BB-850D-4DF7-ADF6-CE10CB79CBAA}.Debug|Any CPU.ActiveCfg = Debug|Any CPU
		{74A5A7BB-850D-4DF7-ADF6-CE10CB79CBAA}.Debug|Any CPU.Build.0 = Debug|Any CPU
		{74A5A7BB-850D-4DF7-ADF6-CE10CB79CBAA}.Release|Any CPU.ActiveCfg = Release|Any CPU
		{74A5A7BB-850D-4DF7-ADF6-CE10CB79CBAA}.Release|Any CPU.Build.0 = Release|Any CPU
		{5434888B-37A5-4E69-A48F-CFA728B34B1E}.Debug|Any CPU.ActiveCfg = Debug|Any CPU
		{5434888B-37A5-4E69-A48F-CFA728B34B1E}.Debug|Any CPU.Build.0 = Debug|Any CPU
		{5434888B-37A5-4E69-A48F-CFA728B34B1E}.Release|Any CPU.ActiveCfg = Release|Any CPU
		{5434888B-37A5-4E69-A48F-CFA728B34B1E}.Release|Any CPU.Build.0 = Release|Any CPU
	EndGlobalSection
	GlobalSection(SolutionProperties) = preSolution
		HideSolutionNode = FALSE
	EndGlobalSection
	GlobalSection(NestedProjects) = preSolution
		{403BE69B-21D3-4F62-951D-D733D6CF6CA5} = {7A885777-1FEC-4D2C-8090-35B9F9FA1CFB}
		{9670BABE-6783-42FB-AC6D-E3D414D07AA8} = {7A885777-1FEC-4D2C-8090-35B9F9FA1CFB}
		{D1CBE886-EFA2-4B5B-9951-5F9B4907AD61} = {7A885777-1FEC-4D2C-8090-35B9F9FA1CFB}
		{58CD0300-238F-432D-8649-2B92A164EB59} = {7A885777-1FEC-4D2C-8090-35B9F9FA1CFB}
		{11EBF87E-B85D-4978-888B-8DB4BBD70B05} = {7A885777-1FEC-4D2C-8090-35B9F9FA1CFB}
		{39779F0C-3B9C-4DF7-A956-A33959C9E13A} = {3AF5969B-9FAE-4B10-B50D-64BBA69C8319}
		{46358351-4B10-4DAC-A765-F9CA9517A88E} = {3AF5969B-9FAE-4B10-B50D-64BBA69C8319}
		{AC7FD624-1434-446F-A5A9-07609B5BDAAD} = {3AF5969B-9FAE-4B10-B50D-64BBA69C8319}
		{13E55074-069A-40D4-953E-25923CEA67E6} = {3AF5969B-9FAE-4B10-B50D-64BBA69C8319}
		{F42070AC-A31F-4BD6-BA83-EFF391084E0B} = {3AF5969B-9FAE-4B10-B50D-64BBA69C8319}
		{3BADD845-0F98-453C-BB3E-AE5AFCAF3163} = {12E2FC58-3729-4C50-9D9B-75A4A590DA34}
		{C9BA2E29-A556-4554-89A1-BA86E83CD6A0} = {12E2FC58-3729-4C50-9D9B-75A4A590DA34}
		{B7633102-0B26-41FC-962F-D0B2239A921B} = {12E2FC58-3729-4C50-9D9B-75A4A590DA34}
		{D6F2EF3A-C76E-4EAC-931B-0BA9D17D538B} = {12E2FC58-3729-4C50-9D9B-75A4A590DA34}
		{42D2518C-7266-40D0-B3D8-06CE7F259BBE} = {DC75B9CE-7388-4559-8BCE-B58BF72E7710}
		{8343A958-CF63-415C-9D76-7F4F062F558A} = {DC75B9CE-7388-4559-8BCE-B58BF72E7710}
		{ABBE1C94-C618-4AFE-9561-E4E9436A0EE5} = {DC75B9CE-7388-4559-8BCE-B58BF72E7710}
		{74A5A7BB-850D-4DF7-ADF6-CE10CB79CBAA} = {DC75B9CE-7388-4559-8BCE-B58BF72E7710}
		{5434888B-37A5-4E69-A48F-CFA728B34B1E} = {820C7354-4397-4894-8EF4-1551138E4F27}
	EndGlobalSection
	GlobalSection(ExtensibilityGlobals) = postSolution
		SolutionGuid = {F2CF86E3-05AA-4A0C-9A00-04F946814A1C}
	EndGlobalSection
EndGlobal
